{
  "name": "@smalltalk/st3-client",
  "version": "0.1.0",
  "lockfileVersion": 3,
  "requires": true,
  "packages": {
    "": {
      "name": "@smalltalk/st3-client",
      "version": "0.1.0",
      "devDependencies": {
        "effect": "4.0.0-rc.118"
      },
      "peerDependencies": {
        "effect": "4.0.0-rc.118"
      },
      "peerDependenciesMeta": {
        "effect": {
          "optional": true
        }
      }
    },
    "node_modules/effect": {
      "version": "4.0.0-rc.118",
      "resolved": "https://registry.npmjs.org/effect/-/effect-4.0.0-rc.118.tgz",
      "integrity": "sha512-hxhpCd+swzrtu9lnyPpEFre2ODQzJ9qxgyL1oHIEY8NKnW4PxTbM1XzplMZXiAsLD62HO+KJc41Nqxr9T791ZQ==",
      "dev": true,
      "license": "MIT"
    }
  }
}
